
Microsoft Visual Studio Solution File, Format Version 12.00
# Visual Studio Version 16
VisualStudioVersion = 16.0.30204.135
MinimumVisualStudioVersion = 15.0.26124.0
Project("{9A19103F-16F7-4668-BE54-9A1E7A4F7556}") = "API", "API\API.csproj", "{48B6F205-B11F-49E1-8B2C-38D037DDB534}"
EndProject
Project("{FAE04EC0-301F-11D3-BF4B-00C04F79EFBC}") = "Core", "Core\Core.csproj", "{52E82305-0AA3-4B7E-B40F-20904B325F54}"
EndProject
Project("{FAE04EC0-301F-11D3-BF4B-00C04F79EFBC}") = "Infrastructure", "Infrastructure\Infrastructure.csproj", "{2193875A-6767-4C80-AD26-2DD3DB094F5B}"
EndProject
Global
	GlobalSection(SolutionConfigurationPlatforms) = preSolution
		Debug|Any CPU = Debug|Any CPU
		Debug|x64 = Debug|x64
		Debug|x86 = Debug|x86
		Release|Any CPU = Release|Any CPU
		Release|x64 = Release|x64
		Release|x86 = Release|x86
	EndGlobalSection
	GlobalSection(ProjectConfigurationPlatforms) = postSolution
		{48B6F205-B11F-49E1-8B2C-38D037DDB534}.Debug|Any CPU.ActiveCfg = Debug|Any CPU
		{48B6F205-B11F-49E1-8B2C-38D037DDB534}.Debug|Any CPU.Build.0 = Debug|Any CPU
		{48B6F205-B11F-49E1-8B2C-38D037DDB534}.Debug|x64.ActiveCfg = Debug|Any CPU
		{48B6F205-B11F-49E1-8B2C-38D037DDB534}.Debug|x64.Build.0 = Debug|Any CPU
		{48B6F205-B11F-49E1-8B2C-38D037DDB534}.Debug|x86.ActiveCfg = Debug|Any CPU
		{48B6F205-B11F-49E1-8B2C-38D037DDB534}.Debug|x86.Build.0 = Debug|Any CPU
		{48B6F205-B11F-49E1-8B2C-38D037DDB534}.Release|Any CPU.ActiveCfg = Release|Any CPU
		{48B6F205-B11F-49E1-8B2C-38D037DDB534}.Release|Any CPU.Build.0 = Release|Any CPU
		{48B6F205-B11F-49E1-8B2C-38D037DDB534}.Release|x64.ActiveCfg = Release|Any CPU
		{48B6F205-B11F-49E1-8B2C-38D037DDB534}.Release|x64.Build.0 = Release|Any CPU
		{48B6F205-B11F-49E1-8B2C-38D037DDB534}.Release|x86.ActiveCfg = Release|Any CPU
		{48B6F205-B11F-49E1-8B2C-38D037DDB534}.Release|x86.Build.0 = Release|Any CPU
		{52E82305-0AA3-4B7E-B40F-20904B325F54}.Debug|Any CPU.ActiveCfg = Debug|Any CPU
		{52E82305-0AA3-4B7E-B40F-20904B325F54}.Debug|Any CPU.Build.0 = Debug|Any CPU
		{52E82305-0AA3-4B7E-B40F-20904B325F54}.Debug|x64.ActiveCfg = Debug|Any CPU
		{52E82305-0AA3-4B7E-B40F-20904B325F54}.Debug|x64.Build.0 = Debug|Any CPU
		{52E82305-0AA3-4B7E-B40F-20904B325F54}.Debug|x86.ActiveCfg = Debug|Any CPU
		{52E82305-0AA3-4B7E-B40F-20904B325F54}.Debug|x86.Build.0 = Debug|Any CPU
		{52E82305-0AA3-4B7E-B40F-20904B325F54}.Release|Any CPU.ActiveCfg = Release|Any CPU
		{52E82305-0AA3-4B7E-B40F-20904B325F54}.Release|Any CPU.Build.0 = Release|Any CPU
		{52E82305-0AA3-4B7E-B40F-20904B325F54}.Release|x64.ActiveCfg = Release|Any CPU
		{52E82305-0AA3-4B7E-B40F-20904B325F54}.Release|x64.Build.0 = Release|Any CPU
		{52E82305-0AA3-4B7E-B40F-20904B325F54}.Release|x86.ActiveCfg = Release|Any CPU
		{52E82305-0AA3-4B7E-B40F-20904B325F54}.Release|x86.Build.0 = Release|Any CPU
		{2193875A-6767-4C80-AD26-2DD3DB094F5B}.Debug|Any CPU.ActiveCfg = Debug|Any CPU
		{2193875A-6767-4C80-AD26-2DD3DB094F5B}.Debug|Any CPU.Build.0 = Debug|Any CPU
		{2193875A-6767-4C80-AD26-2DD3DB094F5B}.Debug|x64.ActiveCfg = Debug|Any CPU
		{2193875A-6767-4C80-AD26-2DD3DB094F5B}.Debug|x64.Build.0 = Debug|Any CPU
		{2193875A-6767-4C80-AD26-2DD3DB094F5B}.Debug|x86.ActiveCfg = Debug|Any CPU
		{2193875A-6767-4C80-AD26-2DD3DB094F5B}.Debug|x86.Build.0 = Debug|Any CPU
		{2193875A-6767-4C80-AD26-2DD3DB094F5B}.Release|Any CPU.ActiveCfg = Release|Any CPU
		{2193875A-6767-4C80-AD26-2DD3DB094F5B}.Release|Any CPU.Build.0 = Release|Any CPU
		{2193875A-6767-4C80-AD26-2DD3DB094F5B}.Release|x64.ActiveCfg = Release|Any CPU
		{2193875A-6767-4C80-AD26-2DD3DB094F5B}.Release|x64.Build.0 = Release|Any CPU
		{2193875A-6767-4C80-AD26-2DD3DB094F5B}.Release|x86.ActiveCfg = Release|Any CPU
		{2193875A-6767-4C80-AD26-2DD3DB094F5B}.Release|x86.Build.0 = Release|Any CPU
	EndGlobalSection
	GlobalSection(SolutionProperties) = preSolution
		HideSolutionNode = FALSE
	EndGlobalSection
	GlobalSection(ExtensibilityGlobals) = postSolution
		SolutionGuid = {CDE30C14-8102-4F01-BE7C-A874525FE8CC}
	EndGlobalSection
EndGlobal
